
Microsoft Visual Studio Solution File, Format Version 12.00
# Visual Studio Version 17
VisualStudioVersion = 17.5.33530.505
MinimumVisualStudioVersion = 10.0.40219.1
Project("{FAE04EC0-301F-11D3-BF4B-00C04F79EFBC}") = "NLayerProject.Core", "NLayerProject.Core\NLayerProject.Core.csproj", "{6CB34B1B-35EB-421C-9216-69DE5004591F}"
EndProject
Project("{FAE04EC0-301F-11D3-BF4B-00C04F79EFBC}") = "NLayerProject.Repository", "NLayerProject.Repository\NLayerProject.Repository.csproj", "{1408821B-38FA-49F3-84B3-F066D1419E45}"
EndProject
Project("{FAE04EC0-301F-11D3-BF4B-00C04F79EFBC}") = "NLayerProject.Service", "NLayerProject.Service\NLayerProject.Service.csproj", "{F351E30A-B1ED-4C0A-92AB-A1C901009B9E}"
EndProject
Project("{FAE04EC0-301F-11D3-BF4B-00C04F79EFBC}") = "NLayerProject.Caching", "NLayerProject.Caching\NLayerProject.Caching.csproj", "{08A64D6B-DE5E-4D7B-862D-F8A155C96A26}"
EndProject
Project("{FAE04EC0-301F-11D3-BF4B-00C04F79EFBC}") = "NLayerProject.API", "NLayerProject.API\NLayerProject.API.csproj", "{B0CF1567-20C5-439F-B502-06765790432D}"
EndProject
Project("{FAE04EC0-301F-11D3-BF4B-00C04F79EFBC}") = "NLayerProject.WEB", "NLayerProject.WEB\NLayerProject.WEB.csproj", "{430B0614-A793-4E0D-A822-EBD078267B5F}"
EndProject
Global
	GlobalSection(SolutionConfigurationPlatforms) = preSolution
		Debug|Any CPU = Debug|Any CPU
		Release|Any CPU = Release|Any CPU
	EndGlobalSection
	GlobalSection(ProjectConfigurationPlatforms) = postSolution
		{6CB34B1B-35EB-421C-9216-69DE5004591F}.Debug|Any CPU.ActiveCfg = Debug|Any CPU
		{6CB34B1B-35EB-421C-9216-69DE5004591F}.Debug|Any CPU.Build.0 = Debug|Any CPU
		{6CB34B1B-35EB-421C-9216-69DE5004591F}.Release|Any CPU.ActiveCfg = Release|Any CPU
		{6CB34B1B-35EB-421C-9216-69DE5004591F}.Release|Any CPU.Build.0 = Release|Any CPU
		{1408821B-38FA-49F3-84B3-F066D1419E45}.Debug|Any CPU.ActiveCfg = Debug|Any CPU
		{1408821B-38FA-49F3-84B3-F066D1419E45}.Debug|Any CPU.Build.0 = Debug|Any CPU
		{1408821B-38FA-49F3-84B3-F066D1419E45}.Release|Any CPU.ActiveCfg = Release|Any CPU
		{1408821B-38FA-49F3-84B3-F066D1419E45}.Release|Any CPU.Build.0 = Release|Any CPU
		{F351E30A-B1ED-4C0A-92AB-A1C901009B9E}.Debug|Any CPU.ActiveCfg = Debug|Any CPU
		{F351E30A-B1ED-4C0A-92AB-A1C901009B9E}.Debug|Any CPU.Build.0 = Debug|Any CPU
		{F351E30A-B1ED-4C0A-92AB-A1C901009B9E}.Release|Any CPU.ActiveCfg = Release|Any CPU
		{F351E30A-B1ED-4C0A-92AB-A1C901009B9E}.Release|Any CPU.Build.0 = Release|Any CPU
		{08A64D6B-DE5E-4D7B-862D-F8A155C96A26}.Debug|Any CPU.ActiveCfg = Debug|Any CPU
		{08A64D6B-DE5E-4D7B-862D-F8A155C96A26}.Debug|Any CPU.Build.0 = Debug|Any CPU
		{08A64D6B-DE5E-4D7B-862D-F8A155C96A26}.Release|Any CPU.ActiveCfg = Release|Any CPU
		{08A64D6B-DE5E-4D7B-862D-F8A155C96A26}.Release|Any CPU.Build.0 = Release|Any CPU
		{B0CF1567-20C5-439F-B502-06765790432D}.Debug|Any CPU.ActiveCfg = Debug|Any CPU
		{B0CF1567-20C5-439F-B502-06765790432D}.Debug|Any CPU.Build.0 = Debug|Any CPU
		{B0CF1567-20C5-439F-B502-06765790432D}.Release|Any CPU.ActiveCfg = Release|Any CPU
		{B0CF1567-20C5-439F-B502-06765790432D}.Release|Any CPU.Build.0 = Release|Any CPU
		{430B0614-A793-4E0D-A822-EBD078267B5F}.Debug|Any CPU.ActiveCfg = Debug|Any CPU
		{430B0614-A793-4E0D-A822-EBD078267B5F}.Debug|Any CPU.Build.0 = Debug|Any CPU
		{430B0614-A793-4E0D-A822-EBD078267B5F}.Release|Any CPU.ActiveCfg = Release|Any CPU
		{430B0614-A793-4E0D-A822-EBD078267B5F}.Release|Any CPU.Build.0 = Release|Any CPU
	EndGlobalSection
	GlobalSection(SolutionProperties) = preSolution
		HideSolutionNode = FALSE
	EndGlobalSection
	GlobalSection(ExtensibilityGlobals) = postSolution
		SolutionGuid = {C2A2ED35-85EE-4053-AF3E-50ACAFFFA45C}
	EndGlobalSection
EndGlobal
